
Microsoft Visual Studio Solution File, Format Version 12.00
# Visual Studio Version 16
VisualStudioVersion = 16.0.30517.126
MinimumVisualStudioVersion = 10.0.40219.1
Project("{FAE04EC0-301F-11D3-BF4B-00C04F79EFBC}") = "WebApplication1", "WebApplication1.csproj", "{768CB8F0-5843-442A-B752-A83E4A8DC7ED}"
EndProject
Global
	GlobalSection(SolutionConfigurationPlatforms) = preSolution
		Debug|Any CPU = Debug|Any CPU
		Release|Any CPU = Release|Any CPU
	EndGlobalSection
	GlobalSection(ProjectConfigurationPlatforms) = postSolution
		{768CB8F0-5843-442A-B752-A83E4A8DC7ED}.Debug|Any CPU.ActiveCfg = Debug|Any CPU
		{768CB8F0-5843-442A-B752-A83E4A8DC7ED}.Debug|Any CPU.Build.0 = Debug|Any CPU
		{768CB8F0-5843-442A-B752-A83E4A8DC7ED}.Release|Any CPU.ActiveCfg = Release|Any CPU
		{768CB8F0-5843-442A-B752-A83E4A8DC7ED}.Release|Any CPU.Build.0 = Release|Any CPU
	EndGlobalSection
	GlobalSection(SolutionProperties) = preSolution
		HideSolutionNode = FALSE
	EndGlobalSection
	GlobalSection(ExtensibilityGlobals) = postSolution
		SolutionGuid = {33CF5007-036E-4A13-A620-E3A351174B1A}
	EndGlobalSection
EndGlobal
